
Microsoft Visual Studio Solution File, Format Version 12.00
# Visual Studio Version 17
VisualStudioVersion = 17.0.32014.148
MinimumVisualStudioVersion = 10.0.40219.1
Project("{FAE04EC0-301F-11D3-BF4B-00C04F79EFBC}") = "WebApiTicas2022", "WebApiTicas2022\WebApiTicas2022.csproj", "{D8C694A3-8C06-4D61-896D-2E6FB60252CD}"
EndProject
Global
	GlobalSection(SolutionConfigurationPlatforms) = preSolution
		Debug|Any CPU = Debug|Any CPU
		Release|Any CPU = Release|Any CPU
	EndGlobalSection
	GlobalSection(ProjectConfigurationPlatforms) = postSolution
		{D8C694A3-8C06-4D61-896D-2E6FB60252CD}.Debug|Any CPU.ActiveCfg = Debug|Any CPU
		{D8C694A3-8C06-4D61-896D-2E6FB60252CD}.Debug|Any CPU.Build.0 = Debug|Any CPU
		{D8C694A3-8C06-4D61-896D-2E6FB60252CD}.Release|Any CPU.ActiveCfg = Release|Any CPU
		{D8C694A3-8C06-4D61-896D-2E6FB60252CD}.Release|Any CPU.Build.0 = Release|Any CPU
	EndGlobalSection
	GlobalSection(SolutionProperties) = preSolution
		HideSolutionNode = FALSE
	EndGlobalSection
	GlobalSection(ExtensibilityGlobals) = postSolution
		SolutionGuid = {B6E76EE7-F63E-420A-8C0A-633B5C35C5F8}
	EndGlobalSection
EndGlobal
